
Microsoft Visual Studio Solution File, Format Version 12.00
# Visual Studio Version 16
VisualStudioVersion = 16.0.30413.136
MinimumVisualStudioVersion = 10.0.40219.1
Project("{FAE04EC0-301F-11D3-BF4B-00C04F79EFBC}") = "plan.Android", "plan\plan.Android\plan.Android.csproj", "{8A77332C-250E-4634-B4F0-D7E6C3EF12BF}"
EndProject
Project("{FAE04EC0-301F-11D3-BF4B-00C04F79EFBC}") = "plan", "plan\plan\plan.csproj", "{A4519D39-66AB-4C4D-89A2-1C3D670FEA57}"
EndProject
Global
	GlobalSection(SolutionConfigurationPlatforms) = preSolution
		Debug|Any CPU = Debug|Any CPU
		Release|Any CPU = Release|Any CPU
	EndGlobalSection
	GlobalSection(ProjectConfigurationPlatforms) = postSolution
		{8A77332C-250E-4634-B4F0-D7E6C3EF12BF}.Debug|Any CPU.ActiveCfg = Debug|Any CPU
		{8A77332C-250E-4634-B4F0-D7E6C3EF12BF}.Debug|Any CPU.Build.0 = Debug|Any CPU
		{8A77332C-250E-4634-B4F0-D7E6C3EF12BF}.Debug|Any CPU.Deploy.0 = Debug|Any CPU
		{8A77332C-250E-4634-B4F0-D7E6C3EF12BF}.Release|Any CPU.ActiveCfg = Release|Any CPU
		{8A77332C-250E-4634-B4F0-D7E6C3EF12BF}.Release|Any CPU.Build.0 = Release|Any CPU
		{8A77332C-250E-4634-B4F0-D7E6C3EF12BF}.Release|Any CPU.Deploy.0 = Release|Any CPU
		{A4519D39-66AB-4C4D-89A2-1C3D670FEA57}.Debug|Any CPU.ActiveCfg = Debug|Any CPU
		{A4519D39-66AB-4C4D-89A2-1C3D670FEA57}.Debug|Any CPU.Build.0 = Debug|Any CPU
		{A4519D39-66AB-4C4D-89A2-1C3D670FEA57}.Debug|Any CPU.Deploy.0 = Debug|Any CPU
		{A4519D39-66AB-4C4D-89A2-1C3D670FEA57}.Release|Any CPU.ActiveCfg = Release|Any CPU
		{A4519D39-66AB-4C4D-89A2-1C3D670FEA57}.Release|Any CPU.Build.0 = Release|Any CPU
		{A4519D39-66AB-4C4D-89A2-1C3D670FEA57}.Release|Any CPU.Deploy.0 = Release|Any CPU
	EndGlobalSection
	GlobalSection(SolutionProperties) = preSolution
		HideSolutionNode = FALSE
	EndGlobalSection
	GlobalSection(ExtensibilityGlobals) = postSolution
		SolutionGuid = {5AE1ED62-7916-4D54-A070-162D8A65663B}
	EndGlobalSection
EndGlobal
